// !$*UTF8*$!
{
	archiveVersion = 1;
	classes = {
	};
	objectVersion = 46;
	objects = {

/* Begin PBXBuildFile section */
		073EC8871C4346B2001653B6 /* AppDelegate.swift in Sources */ = {isa = PBXBuildFile; fileRef = 073EC8861C4346B2001653B6 /* AppDelegate.swift */; };
		073EC8891C4346B2001653B6 /* ViewController.swift in Sources */ = {isa = PBXBuildFile; fileRef = 073EC8881C4346B2001653B6 /* ViewController.swift */; };
		073EC88C1C4346B2001653B6 /* Main.storyboard in Resources */ = {isa = PBXBuildFile; fileRef = 073EC88A1C4346B2001653B6 /* Main.storyboard */; };
		073EC88E1C4346B2001653B6 /* Assets.xcassets in Resources */ = {isa = PBXBuildFile; fileRef = 073EC88D1C4346B2001653B6 /* Assets.xcassets */; };
		073EC8911C4346B2001653B6 /* LaunchScreen.storyboard in Resources */ = {isa = PBXBuildFile; fileRef = 073EC88F1C4346B2001653B6 /* LaunchScreen.storyboard */; };
		073EC89C1C4346B3001653B6 /* poTests.swift in Sources */ = {isa = PBXBuildFile; fileRef = 073EC89B1C4346B3001653B6 /* poTests.swift */; };
		073EC8A71C4346B3001653B6 /* poUITests.swift in Sources */ = {isa = PBXBuildFile; fileRef = 073EC8A61C4346B3001653B6 /* poUITests.swift */; };
/* End PBXBuildFile section */

/* Begin PBXContainerItemProxy section */
		073EC8981C4346B3001653B6 /* PBXContainerItemProxy */ = {
			isa = PBXContainerItemProxy;
			containerPortal = 073EC87B1C4346B2001653B6 /* Project object */;
			proxyType = 1;
			remoteGlobalIDString = 073EC8821C4346B2001653B6;
			remoteInfo = po;
		};
		073EC8A31C4346B3001653B6 /* PBXContainerItemProxy */ = {
			isa = PBXContainerItemProxy;
			containerPortal = 073EC87B1C4346B2001653B6 /* Project object */;
			proxyType = 1;
			remoteGlobalIDString = 073EC8821C4346B2001653B6;
			remoteInfo = po;
		};
/* End PBXContainerItemProxy section */

/* Begin PBXFileReference section */
		073EC8831C4346B2001653B6 /* po.app */ = {isa = PBXFileReference; explicitFileType = wrapper.application; includeInIndex = 0; path = po.app; sourceTree = BUILT_PRODUCTS_DIR; };
		073EC8861C4346B2001653B6 /* AppDelegate.swift */ = {isa = PBXFileReference; lastKnownFileType = sourcecode.swift; path = AppDelegate.swift; sourceTree = "<group>"; };
		073EC8881C4346B2001653B6 /* ViewController.swift */ = {isa = PBXFileReference; lastKnownFileType = sourcecode.swift; path = ViewController.swift; sourceTree = "<group>"; };
		073EC88B1C4346B2001653B6 /* Base */ = {isa = PBXFileReference; lastKnownFileType = file.storyboard; name = Base; path = Base.lproj/Main.storyboard; sourceTree = "<group>"; };
		073EC88D1C4346B2001653B6 /* Assets.xcassets */ = {isa = PBXFileReference; lastKnownFileType = folder.assetcatalog; path = Assets.xcassets; sourceTree = "<group>"; };
		073EC8901C4346B2001653B6 /* Base */ = {isa = PBXFileReference; lastKnownFileType = file.storyboard; name = Base; path = Base.lproj/LaunchScreen.storyboard; sourceTree = "<group>"; };
		073EC8921C4346B2001653B6 /* Info.plist */ = {isa = PBXFileReference; lastKnownFileType = text.plist.xml; path = Info.plist; sourceTree = "<group>"; };
		073EC8971C4346B3001653B6 /* poTests.xctest */ = {isa = PBXFileReference; explicitFileType = wrapper.cfbundle; includeInIndex = 0; path = poTests.xctest; sourceTree = BUILT_PRODUCTS_DIR; };
		073EC89B1C4346B3001653B6 /* poTests.swift */ = {isa = PBXFileReference; lastKnownFileType = sourcecode.swift; path = poTests.swift; sourceTree = "<group>"; };
		073EC89D1C4346B3001653B6 /* Info.plist */ = {isa = PBXFileReference; lastKnownFileType = text.plist.xml; path = Info.plist; sourceTree = "<group>"; };
		073EC8A21C4346B3001653B6 /* poUITests.xctest */ = {isa = PBXFileReference; explicitFileType = wrapper.cfbundle; includeInIndex = 0; path = poUITests.xctest; sourceTree = BUILT_PRODUCTS_DIR; };
		073EC8A61C4346B3001653B6 /* poUITests.swift */ = {isa = PBXFileReference; lastKnownFileType = sourcecode.swift; path = poUITests.swift; sourceTree = "<group>"; };
		073EC8A81C4346B3001653B6 /* Info.plist */ = {isa = PBXFileReference; lastKnownFileType = text.plist.xml; path = Info.plist; sourceTree = "<group>"; };
		073EC8B61C4348FE001653B6 /* Minireto.playground */ = {isa = PBXFileReference; lastKnownFileType = file.playground; path = Minireto.playground; sourceTree = "<group>"; };
/* End PBXFileReference section */

/* Begin PBXFrameworksBuildPhase section */
		073EC8801C4346B2001653B6 /* Frameworks */ = {
			isa = PBXFrameworksBuildPhase;
			buildActionMask = 2147483647;
			files = (
			);
			runOnlyForDeploymentPostprocessing = 0;
		};
		073EC8941C4346B3001653B6 /* Frameworks */ = {
			isa = PBXFrameworksBuildPhase;
			buildActionMask = 2147483647;
			files = (
			);
			runOnlyForDeploymentPostprocessing = 0;
		};
		073EC89F1C4346B3001653B6 /* Frameworks */ = {
			isa = PBXFrameworksBuildPhase;
			buildActionMask = 2147483647;
			files = (
			);
			runOnlyForDeploymentPostprocessing = 0;
		};
/* End PBXFrameworksBuildPhase section */

/* Begin PBXGroup section */
		073EC87A1C4346B2001653B6 = {
			isa = PBXGroup;
			children = (
				073EC8851C4346B2001653B6 /* po */,
				073EC89A1C4346B3001653B6 /* poTests */,
				073EC8A51C4346B3001653B6 /* poUITests */,
				073EC8841C4346B2001653B6 /* Products */,
			);
			sourceTree = "<group>";
		};
		073EC8841C4346B2001653B6 /* Products */ = {
			isa = PBXGroup;
			children = (
				073EC8831C4346B2001653B6 /* po.app */,
				073EC8971C4346B3001653B6 /* poTests.xctest */,
				073EC8A21C4346B3001653B6 /* poUITests.xctest */,
			);
			name = Products;
			sourceTree = "<group>";
		};
		073EC8851C4346B2001653B6 /* po */ = {
			isa = PBXGroup;
			children = (
				073EC8861C4346B2001653B6 /* AppDelegate.swift */,
				073EC8881C4346B2001653B6 /* ViewController.swift */,
				073EC8B61C4348FE001653B6 /* Minireto.playground */,
				073EC88A1C4346B2001653B6 /* Main.storyboard */,
				073EC88D1C4346B2001653B6 /* Assets.xcassets */,
				073EC88F1C4346B2001653B6 /* LaunchScreen.storyboard */,
				073EC8921C4346B2001653B6 /* Info.plist */,
			);
			path = po;
			sourceTree = "<group>";
		};
		073EC89A1C4346B3001653B6 /* poTests */ = {
			isa = PBXGroup;
			children = (
				073EC89B1C4346B3001653B6 /* poTests.swift */,
				073EC89D1C4346B3001653B6 /* Info.plist */,
			);
			path = poTests;
			sourceTree = "<group>";
		};
		073EC8A51C4346B3001653B6 /* poUITests */ = {
			isa = PBXGroup;
			children = (
				073EC8A61C4346B3001653B6 /* poUITests.swift */,
				073EC8A81C4346B3001653B6 /* Info.plist */,
			);
			path = poUITests;
			sourceTree = "<group>";
		};
/* End PBXGroup section */

/* Begin PBXNativeTarget section */
		073EC8821C4346B2001653B6 /* po */ = {
			isa = PBXNativeTarget;
			buildConfigurationList = 073EC8AB1C4346B3001653B6 /* Build configuration list for PBXNativeTarget "po" */;
			buildPhases = (
				073EC87F1C4346B2001653B6 /* Sources */,
				073EC8801C4346B2001653B6 /* Frameworks */,
				073EC8811C4346B2001653B6 /* Resources */,
			);
			buildRules = (
			);
			dependencies = (
			);
			name = po;
			productName = po;
			productReference = 073EC8831C4346B2001653B6 /* po.app */;
			productType = "com.apple.product-type.application";
		};
		073EC8961C4346B3001653B6 /* poTests */ = {
			isa = PBXNativeTarget;
			buildConfigurationList = 073EC8AE1C4346B3001653B6 /* Build configuration list for PBXNativeTarget "poTests" */;
			buildPhases = (
				073EC8931C4346B3001653B6 /* Sources */,
				073EC8941C4346B3001653B6 /* Frameworks */,
				073EC8951C4346B3001653B6 /* Resources */,
			);
			buildRules = (
			);
			dependencies = (
				073EC8991C4346B3001653B6 /* PBXTargetDependency */,
			);
			name = poTests;
			productName = poTests;
			productReference = 073EC8971C4346B3001653B6 /* poTests.xctest */;
			productType = "com.apple.product-type.bundle.unit-test";
		};
		073EC8A11C4346B3001653B6 /* poUITests */ = {
			isa = PBXNativeTarget;
			buildConfigurationList = 073EC8B11C4346B3001653B6 /* Build configuration list for PBXNativeTarget "poUITests" */;
			buildPhases = (
				073EC89E1C4346B3001653B6 /* Sources */,
				073EC89F1C4346B3001653B6 /* Frameworks */,
				073EC8A01C4346B3001653B6 /* Resources */,
			);
			buildRules = (
			);
			dependencies = (
				073EC8A41C4346B3001653B6 /* PBXTargetDependency */,
			);
			name = poUITests;
			productName = poUITests;
			productReference = 073EC8A21C4346B3001653B6 /* poUITests.xctest */;
			productType = "com.apple.product-type.bundle.ui-testing";
		};
/* End PBXNativeTarget section */

/* Begin PBXProject section */
		073EC87B1C4346B2001653B6 /* Project object */ = {
			isa = PBXProject;
			attributes = {
				LastSwiftUpdateCheck = 0720;
				LastUpgradeCheck = 0720;
				ORGANIZATIONNAME = omar;
				TargetAttributes = {
					073EC8821C4346B2001653B6 = {
						CreatedOnToolsVersion = 7.2;
					};
					073EC8961C4346B3001653B6 = {
						CreatedOnToolsVersion = 7.2;
						TestTargetID = 073EC8821C4346B2001653B6;
					};
					073EC8A11C4346B3001653B6 = {
						CreatedOnToolsVersion = 7.2;
						TestTargetID = 073EC8821C4346B2001653B6;
					};
				};
			};
			buildConfigurationList = 073EC87E1C4346B2001653B6 /* Build configuration list for PBXProject "po" */;
			compatibilityVersion = "Xcode 3.2";
			developmentRegion = English;
			hasScannedForEncodings = 0;
			knownRegions = (
				en,
				Base,
			);
			mainGroup = 073EC87A1C4346B2001653B6;
			productRefGroup = 073EC8841C4346B2001653B6 /* Products */;
			projectDirPath = "";
			projectRoot = "";
			targets = (
				073EC8821C4346B2001653B6 /* po */,
				073EC8961C4346B3001653B6 /* poTests */,
				073EC8A11C4346B3001653B6 /* poUITests */,
			);
		};
/* End PBXProject section */

/* Begin PBXResourcesBuildPhase section */
		073EC8811C4346B2001653B6 /* Resources */ = {
			isa = PBXResourcesBuildPhase;
			buildActionMask = 2147483647;
			files = (
				073EC8911C4346B2001653B6 /* LaunchScreen.storyboard in Resources */,
				073EC88E1C4346B2001653B6 /* Assets.xcassets in Resources */,
				073EC88C1C4346B2001653B6 /* Main.storyboard in Resources */,
			);
			runOnlyForDeploymentPostprocessing = 0;
		};
		073EC8951C4346B3001653B6 /* Resources */ = {
			isa = PBXResourcesBuildPhase;
			buildActionMask = 2147483647;
			files = (
			);
			runOnlyForDeploymentPostprocessing = 0;
		};
		073EC8A01C4346B3001653B6 /* Resources */ = {
			isa = PBXResourcesBuildPhase;
			buildActionMask = 2147483647;
			files = (
			);
			runOnlyForDeploymentPostprocessing = 0;
		};
/* End PBXResourcesBuildPhase section */

/* Begin PBXSourcesBuildPhase section */
		073EC87F1C4346B2001653B6 /* Sources */ = {
			isa = PBXSourcesBuildPhase;
			buildActionMask = 2147483647;
			files = (
				073EC8891C4346B2001653B6 /* ViewController.swift in Sources */,
				073EC8871C4346B2001653B6 /* AppDelegate.swift in Sources */,
			);
			runOnlyForDeploymentPostprocessing = 0;
		};
		073EC8931C4346B3001653B6 /* Sources */ = {
			isa = PBXSourcesBuildPhase;
			buildActionMask = 2147483647;
			files = (
				073EC89C1C4346B3001653B6 /* poTests.swift in Sources */,
			);
			runOnlyForDeploymentPostprocessing = 0;
		};
		073EC89E1C4346B3001653B6 /* Sources */ = {
			isa = PBXSourcesBuildPhase;
			buildActionMask = 2147483647;
			files = (
				073EC8A71C4346B3001653B6 /* poUITests.swift in Sources */,
			);
			runOnlyForDeploymentPostprocessing = 0;
		};
/* End PBXSourcesBuildPhase section */

/* Begin PBXTargetDependency section */
		073EC8991C4346B3001653B6 /* PBXTargetDependency */ = {
			isa = PBXTargetDependency;
			target = 073EC8821C4346B2001653B6 /* po */;
			targetProxy = 073EC8981C4346B3001653B6 /* PBXContainerItemProxy */;
		};
		073EC8A41C4346B3001653B6 /* PBXTargetDependency */ = {
			isa = PBXTargetDependency;
			target = 073EC8821C4346B2001653B6 /* po */;
			targetProxy = 073EC8A31C4346B3001653B6 /* PBXContainerItemProxy */;
		};
/* End PBXTargetDependency section */

/* Begin PBXVariantGroup section */
		073EC88A1C4346B2001653B6 /* Main.storyboard */ = {
			isa = PBXVariantGroup;
			children = (
				073EC88B1C4346B2001653B6 /* Base */,
			);
			name = Main.storyboard;
			sourceTree = "<group>";
		};
		073EC88F1C4346B2001653B6 /* LaunchScreen.storyboard */ = {
			isa = PBXVariantGroup;
			children = (
				073EC8901C4346B2001653B6 /* Base */,
			);
			name = LaunchScreen.storyboard;
			sourceTree = "<group>";
		};
/* End PBXVariantGroup section */

/* Begin XCBuildConfiguration section */
		073EC8A91C4346B3001653B6 /* Debug */ = {
			isa = XCBuildConfiguration;
			buildSettings = {
				ALWAYS_SEARCH_USER_PATHS = NO;
				CLANG_CXX_LANGUAGE_STANDARD = "gnu++0x";
				CLANG_CXX_LIBRARY = "libc++";
				CLANG_ENABLE_MODULES = YES;
				CLANG_ENABLE_OBJC_ARC = YES;
				CLANG_WARN_BOOL_CONVERSION = YES;
				CLANG_WARN_CONSTANT_CONVERSION = YES;
				CLANG_WARN_DIRECT_OBJC_ISA_USAGE = YES_ERROR;
				CLANG_WARN_EMPTY_BODY = YES;
				CLANG_WARN_ENUM_CONVERSION = YES;
				CLANG_WARN_INT_CONVERSION = YES;
				CLANG_WARN_OBJC_ROOT_CLASS = YES_ERROR;
				CLANG_WARN_UNREACHABLE_CODE = YES;
				CLANG_WARN__DUPLICATE_METHOD_MATCH = YES;
				"CODE_SIGN_IDENTITY[sdk=iphoneos*]" = "iPhone Developer";
				COPY_PHASE_STRIP = NO;
				DEBUG_INFORMATION_FORMAT = dwarf;
				ENABLE_STRICT_OBJC_MSGSEND = YES;
				ENABLE_TESTABILITY = YES;
				GCC_C_LANGUAGE_STANDARD = gnu99;
				GCC_DYNAMIC_NO_PIC = NO;
				GCC_NO_COMMON_BLOCKS = YES;
				GCC_OPTIMIZATION_LEVEL = 0;
				GCC_PREPROCESSOR_DEFINITIONS = (
					"DEBUG=1",
					"$(inherited)",
				);
				GCC_WARN_64_TO_32_BIT_CONVERSION = YES;
				GCC_WARN_ABOUT_RETURN_TYPE = YES_ERROR;
				GCC_WARN_UNDECLARED_SELECTOR = YES;
				GCC_WARN_UNINITIALIZED_AUTOS = YES_AGGRESSIVE;
				GCC_WARN_UNUSED_FUNCTION = YES;
				GCC_WARN_UNUSED_VARIABLE = YES;
				IPHONEOS_DEPLOYMENT_TARGET = 9.2;
				MTL_ENABLE_DEBUG_INFO = YES;
				ONLY_ACTIVE_ARCH = YES;
				SDKROOT = iphoneos;
				SWIFT_OPTIMIZATION_LEVEL = "-Onone";
				TARGETED_DEVICE_FAMILY = "1,2";
			};
			name = Debug;
		};
		073EC8AA1C4346B3001653B6 /* Release */ = {
			isa = XCBuildConfiguration;
			buildSettings = {
				ALWAYS_SEARCH_USER_PATHS = NO;
				CLANG_CXX_LANGUAGE_STANDARD = "gnu++0x";
				CLANG_CXX_LIBRARY = "libc++";
				CLANG_ENABLE_MODULES = YES;
				CLANG_ENABLE_OBJC_ARC = YES;
				CLANG_WARN_BOOL_CONVERSION = YES;
				CLANG_WARN_CONSTANT_CONVERSION = YES;
				CLANG_WARN_DIRECT_OBJC_ISA_USAGE = YES_ERROR;
				CLANG_WARN_EMPTY_BODY = YES;
				CLANG_WARN_ENUM_CONVERSION = YES;
				CLANG_WARN_INT_CONVERSION = YES;
				CLANG_WARN_OBJC_ROOT_CLASS = YES_ERROR;
				CLANG_WARN_UNREACHABLE_CODE = YES;
				CLANG_WARN__DUPLICATE_METHOD_MATCH = YES;
				"CODE_SIGN_IDENTITY[sdk=iphoneos*]" = "iPhone Developer";
				COPY_PHASE_STRIP = NO;
				DEBUG_INFORMATION_FORMAT = "dwarf-with-dsym";
				ENABLE_NS_ASSERTIONS = NO;
				ENABLE_STRICT_OBJC_MSGSEND = YES;
				GCC_C_LANGUAGE_STANDARD = gnu99;
				GCC_NO_COMMON_BLOCKS = YES;
				GCC_WARN_64_TO_32_BIT_CONVERSION = YES;
				GCC_WARN_ABOUT_RETURN_TYPE = YES_ERROR;
				GCC_WARN_UNDECLARED_SELECTOR = YES;
				GCC_WARN_UNINITIALIZED_AUTOS = YES_AGGRESSIVE;
				GCC_WARN_UNUSED_FUNCTION = YES;
				GCC_WARN_UNUSED_VARIABLE = YES;
				IPHONEOS_DEPLOYMENT_TARGET = 9.2;
				MTL_ENABLE_DEBUG_INFO = NO;
				SDKROOT = iphoneos;
				TARGETED_DEVICE_FAMILY = "1,2";
				VALIDATE_PRODUCT = YES;
			};
			name = Release;
		};
		073EC8AC1C4346B3001653B6 /* Debug */ = {
			isa = XCBuildConfiguration;
			buildSettings = {
				ASSETCATALOG_COMPILER_APPICON_NAME = AppIcon;
				INFOPLIST_FILE = po/Info.plist;
				LD_RUNPATH_SEARCH_PATHS = "$(inherited) @executable_path/Frameworks";
				PRODUCT_BUNDLE_IDENTIFIER = omar.po;
				PRODUCT_NAME = "$(TARGET_NAME)";
			};
			name = Debug;
		};
		073EC8AD1C4346B3001653B6 /* Release */ = {
			isa = XCBuildConfiguration;
			buildSettings = {
				ASSETCATALOG_COMPILER_APPICON_NAME = AppIcon;
				INFOPLIST_FILE = po/Info.plist;
				LD_RUNPATH_SEARCH_PATHS = "$(inherited) @executable_path/Frameworks";
				PRODUCT_BUNDLE_IDENTIFIER = omar.po;
				PRODUCT_NAME = "$(TARGET_NAME)";
			};
			name = Release;
		};
		073EC8AF1C4346B3001653B6 /* Debug */ = {
			isa = XCBuildConfiguration;
			buildSettings = {
				BUNDLE_LOADER = "$(TEST_HOST)";
				INFOPLIST_FILE = poTests/Info.plist;
				LD_RUNPATH_SEARCH_PATHS = "$(inherited) @executable_path/Frameworks @loader_path/Frameworks";
				PRODUCT_BUNDLE_IDENTIFIER = omar.poTests;
				PRODUCT_NAME = "$(TARGET_NAME)";
				TEST_HOST = "$(BUILT_PRODUCTS_DIR)/po.app/po";
			};
			name = Debug;
		};
		073EC8B01C4346B3001653B6 /* Release */ = {
			isa = XCBuildConfiguration;
			buildSettings = {
				BUNDLE_LOADER = "$(TEST_HOST)";
				INFOPLIST_FILE = poTests/Info.plist;
				LD_RUNPATH_SEARCH_PATHS = "$(inherited) @executable_path/Frameworks @loader_path/Frameworks";
				PRODUCT_BUNDLE_IDENTIFIER = omar.poTests;
				PRODUCT_NAME = "$(TARGET_NAME)";
				TEST_HOST = "$(BUILT_PRODUCTS_DIR)/po.app/po";
			};
			name = Release;
		};
		073EC8B21C4346B3001653B6 /* Debug */ = {
			isa = XCBuildConfiguration;
			buildSettings = {
				INFOPLIST_FILE = poUITests/Info.plist;
				LD_RUNPATH_SEARCH_PATHS = "$(inherited) @executable_path/Frameworks @loader_path/Frameworks";
				PRODUCT_BUNDLE_IDENTIFIER = omar.poUITests;
				PRODUCT_NAME = "$(TARGET_NAME)";
				TEST_TARGET_NAME = po;
				USES_XCTRUNNER = YES;
			};
			name = Debug;
		};
		073EC8B31C4346B3001653B6 /* Release */ = {
			isa = XCBuildConfiguration;
			buildSettings = {
				INFOPLIST_FILE = poUITests/Info.plist;
				LD_RUNPATH_SEARCH_PATHS = "$(inherited) @executable_path/Frameworks @loader_path/Frameworks";
				PRODUCT_BUNDLE_IDENTIFIER = omar.poUITests;
				PRODUCT_NAME = "$(TARGET_NAME)";
				TEST_TARGET_NAME = po;
				USES_XCTRUNNER = YES;
			};
			name = Release;
		};
/* End XCBuildConfiguration section */

/* Begin XCConfigurationList section */
		073EC87E1C4346B2001653B6 /* Build configuration list for PBXProject "po" */ = {
			isa = XCConfigurationList;
			buildConfigurations = (
				073EC8A91C4346B3001653B6 /* Debug */,
				073EC8AA1C4346B3001653B6 /* Release */,
			);
			defaultConfigurationIsVisible = 0;
			defaultConfigurationName = Release;
		};
		073EC8AB1C4346B3001653B6 /* Build configuration list for PBXNativeTarget "po" */ = {
			isa = XCConfigurationList;
			buildConfigurations = (
				073EC8AC1C4346B3001653B6 /* Debug */,
				073EC8AD1C4346B3001653B6 /* Release */,
			);
			defaultConfigurationIsVisible = 0;
			defaultConfigurationName = Release;
		};
		073EC8AE1C4346B3001653B6 /* Build configuration list for PBXNativeTarget "poTests" */ = {
			isa = XCConfigurationList;
			buildConfigurations = (
				073EC8AF1C4346B3001653B6 /* Debug */,
				073EC8B01C4346B3001653B6 /* Release */,
			);
			defaultConfigurationIsVisible = 0;
			defaultConfigurationName = Release;
		};
		073EC8B11C4346B3001653B6 /* Build configuration list for PBXNativeTarget "poUITests" */ = {
			isa = XCConfigurationList;
			buildConfigurations = (
				073EC8B21C4346B3001653B6 /* Debug */,
				073EC8B31C4346B3001653B6 /* Release */,
			);
			defaultConfigurationIsVisible = 0;
			defaultConfigurationName = Release;
		};
/* End XCConfigurationList section */
	};
	rootObject = 073EC87B1C4346B2001653B6 /* Project object */;
}
